
Microsoft Visual Studio Solution File, Format Version 12.00
# Visual Studio Version 17
VisualStudioVersion = 17.4.33205.214
MinimumVisualStudioVersion = 10.0.40219.1
Project("{FAE04EC0-301F-11D3-BF4B-00C04F79EFBC}") = "Ecommerce", "Ecommerce.csproj", "{E0C04A77-16F2-47A9-9096-56CEA303DB02}"
EndProject
Global
	GlobalSection(SolutionConfigurationPlatforms) = preSolution
		Debug|Any CPU = Debug|Any CPU
		Release|Any CPU = Release|Any CPU
	EndGlobalSection
	GlobalSection(ProjectConfigurationPlatforms) = postSolution
		{E0C04A77-16F2-47A9-9096-56CEA303DB02}.Debug|Any CPU.ActiveCfg = Debug|Any CPU
		{E0C04A77-16F2-47A9-9096-56CEA303DB02}.Debug|Any CPU.Build.0 = Debug|Any CPU
		{E0C04A77-16F2-47A9-9096-56CEA303DB02}.Release|Any CPU.ActiveCfg = Release|Any CPU
		{E0C04A77-16F2-47A9-9096-56CEA303DB02}.Release|Any CPU.Build.0 = Release|Any CPU
	EndGlobalSection
	GlobalSection(SolutionProperties) = preSolution
		HideSolutionNode = FALSE
	EndGlobalSection
	GlobalSection(ExtensibilityGlobals) = postSolution
		SolutionGuid = {05C090E9-3E88-4FDC-BF97-3A5F96C83109}
	EndGlobalSection
EndGlobal
